
Microsoft Visual Studio Solution File, Format Version 12.00
# Visual Studio Version 17
VisualStudioVersion = 17.0.31903.59
MinimumVisualStudioVersion = 10.0.40219.1
Project("{2150E333-8FDC-42A3-9474-1A3956D46DE8}") = "src", "src", "{917153BF-6FB0-4C57-9B49-0341D89A1289}"
EndProject
Project("{2150E333-8FDC-42A3-9474-1A3956D46DE8}") = "MCPServer", "MCPServer", "{EEA6C0B3-D94B-47DF-A6DF-4850A5C79BE4}"
EndProject
Project("{FAE04EC0-301F-11D3-BF4B-00C04F79EFBC}") = "MCPServer", "src\MCPServer\MCPServer\MCPServer.csproj", "{C5FE1764-7D37-43E3-9305-D091735ACCD5}"
EndProject
Project("{2150E333-8FDC-42A3-9474-1A3956D46DE8}") = "MCPClient", "MCPClient", "{6862D2B6-237C-4A91-92DD-7F6393162107}"
EndProject
Project("{FAE04EC0-301F-11D3-BF4B-00C04F79EFBC}") = "MCPClient", "src\MCPClient\MCPClient\MCPClient.csproj", "{AF48E4A0-D37B-4EBC-97DE-FBECE56D8243}"
EndProject
Project("{2150E333-8FDC-42A3-9474-1A3956D46DE8}") = "Shared", "Shared", "{C97C4484-5462-44AF-8E8E-3709B23580DA}"
EndProject
Project("{FAE04EC0-301F-11D3-BF4B-00C04F79EFBC}") = "Shared", "src\Shared\Shared\Shared.csproj", "{3779194E-664C-4BAA-9B9F-7BD722A38C13}"
EndProject
Project("{2150E333-8FDC-42A3-9474-1A3956D46DE8}") = "tests", "tests", "{1A47F606-F1A0-417A-AAAD-E8B09643EB41}"
EndProject
Project("{FAE04EC0-301F-11D3-BF4B-00C04F79EFBC}") = "MCPMathTools.Tests", "tests\MCPMathTools.Tests\MCPMathTools.Tests.csproj", "{E5C07FBF-94EB-4BA0-BFCE-5260422A8D02}"
EndProject
Project("{FAE04EC0-301F-11D3-BF4B-00C04F79EFBC}") = "MCPMathTools.AI.Tests", "tests\MCPMathTools.AI.Tests\MCPMathTools.AI.Tests.csproj", "{562D90DB-9761-4AEB-8E17-68B6002EA3B1}"
EndProject
Project("{2150E333-8FDC-42A3-9474-1A3956D46DE8}") = "Agent", "Agent", "{F7A8B23C-1A5D-4E9F-8B6C-3D2E1F4A7B9C}"
EndProject
Project("{FAE04EC0-301F-11D3-BF4B-00C04F79EFBC}") = "Agent", "src\Agent\Agent\Agent.csproj", "{A1B2C3D4-5E6F-7A8B-9C0D-1E2F3A4B5C6D}"
EndProject
Project("{FAE04EC0-301F-11D3-BF4B-00C04F79EFBC}") = "Agent.Tests", "tests\Agent.Tests\Agent.Tests.csproj", "{B2C3D4E5-6F7A-8B9C-0D1E-2F3A4B5C6D7E}"
EndProject
Global
	GlobalSection(SolutionConfigurationPlatforms) = preSolution
		Debug|Any CPU = Debug|Any CPU
		Release|Any CPU = Release|Any CPU
	EndGlobalSection
	GlobalSection(SolutionProperties) = preSolution
		HideSolutionNode = FALSE
	EndGlobalSection
	GlobalSection(ProjectConfigurationPlatforms) = postSolution
		{C5FE1764-7D37-43E3-9305-D091735ACCD5}.Debug|Any CPU.ActiveCfg = Debug|Any CPU
		{C5FE1764-7D37-43E3-9305-D091735ACCD5}.Debug|Any CPU.Build.0 = Debug|Any CPU
		{C5FE1764-7D37-43E3-9305-D091735ACCD5}.Release|Any CPU.ActiveCfg = Release|Any CPU
		{C5FE1764-7D37-43E3-9305-D091735ACCD5}.Release|Any CPU.Build.0 = Release|Any CPU
		{AF48E4A0-D37B-4EBC-97DE-FBECE56D8243}.Debug|Any CPU.ActiveCfg = Debug|Any CPU
		{AF48E4A0-D37B-4EBC-97DE-FBECE56D8243}.Debug|Any CPU.Build.0 = Debug|Any CPU
		{AF48E4A0-D37B-4EBC-97DE-FBECE56D8243}.Release|Any CPU.ActiveCfg = Release|Any CPU
		{AF48E4A0-D37B-4EBC-97DE-FBECE56D8243}.Release|Any CPU.Build.0 = Release|Any CPU
		{3779194E-664C-4BAA-9B9F-7BD722A38C13}.Debug|Any CPU.ActiveCfg = Debug|Any CPU
		{3779194E-664C-4BAA-9B9F-7BD722A38C13}.Debug|Any CPU.Build.0 = Debug|Any CPU
		{3779194E-664C-4BAA-9B9F-7BD722A38C13}.Release|Any CPU.ActiveCfg = Release|Any CPU
		{3779194E-664C-4BAA-9B9F-7BD722A38C13}.Release|Any CPU.Build.0 = Release|Any CPU
		{E5C07FBF-94EB-4BA0-BFCE-5260422A8D02}.Debug|Any CPU.ActiveCfg = Debug|Any CPU
		{E5C07FBF-94EB-4BA0-BFCE-5260422A8D02}.Debug|Any CPU.Build.0 = Debug|Any CPU
		{E5C07FBF-94EB-4BA0-BFCE-5260422A8D02}.Release|Any CPU.ActiveCfg = Release|Any CPU
		{E5C07FBF-94EB-4BA0-BFCE-5260422A8D02}.Release|Any CPU.Build.0 = Release|Any CPU
		{562D90DB-9761-4AEB-8E17-68B6002EA3B1}.Debug|Any CPU.ActiveCfg = Debug|Any CPU
		{562D90DB-9761-4AEB-8E17-68B6002EA3B1}.Debug|Any CPU.Build.0 = Debug|Any CPU
		{562D90DB-9761-4AEB-8E17-68B6002EA3B1}.Release|Any CPU.ActiveCfg = Release|Any CPU
		{562D90DB-9761-4AEB-8E17-68B6002EA3B1}.Release|Any CPU.Build.0 = Release|Any CPU
		{A1B2C3D4-5E6F-7A8B-9C0D-1E2F3A4B5C6D}.Debug|Any CPU.ActiveCfg = Debug|Any CPU
		{A1B2C3D4-5E6F-7A8B-9C0D-1E2F3A4B5C6D}.Debug|Any CPU.Build.0 = Debug|Any CPU
		{A1B2C3D4-5E6F-7A8B-9C0D-1E2F3A4B5C6D}.Release|Any CPU.ActiveCfg = Release|Any CPU
		{A1B2C3D4-5E6F-7A8B-9C0D-1E2F3A4B5C6D}.Release|Any CPU.Build.0 = Release|Any CPU
		{B2C3D4E5-6F7A-8B9C-0D1E-2F3A4B5C6D7E}.Debug|Any CPU.ActiveCfg = Debug|Any CPU
		{B2C3D4E5-6F7A-8B9C-0D1E-2F3A4B5C6D7E}.Debug|Any CPU.Build.0 = Debug|Any CPU
		{B2C3D4E5-6F7A-8B9C-0D1E-2F3A4B5C6D7E}.Release|Any CPU.ActiveCfg = Release|Any CPU
		{B2C3D4E5-6F7A-8B9C-0D1E-2F3A4B5C6D7E}.Release|Any CPU.Build.0 = Release|Any CPU
	EndGlobalSection
	GlobalSection(NestedProjects) = preSolution
		{EEA6C0B3-D94B-47DF-A6DF-4850A5C79BE4} = {917153BF-6FB0-4C57-9B49-0341D89A1289}
		{C5FE1764-7D37-43E3-9305-D091735ACCD5} = {EEA6C0B3-D94B-47DF-A6DF-4850A5C79BE4}
		{6862D2B6-237C-4A91-92DD-7F6393162107} = {917153BF-6FB0-4C57-9B49-0341D89A1289}
		{AF48E4A0-D37B-4EBC-97DE-FBECE56D8243} = {6862D2B6-237C-4A91-92DD-7F6393162107}
		{C97C4484-5462-44AF-8E8E-3709B23580DA} = {917153BF-6FB0-4C57-9B49-0341D89A1289}
		{3779194E-664C-4BAA-9B9F-7BD722A38C13} = {C97C4484-5462-44AF-8E8E-3709B23580DA}
		{E5C07FBF-94EB-4BA0-BFCE-5260422A8D02} = {1A47F606-F1A0-417A-AAAD-E8B09643EB41}
		{562D90DB-9761-4AEB-8E17-68B6002EA3B1} = {1A47F606-F1A0-417A-AAAD-E8B09643EB41}
		{F7A8B23C-1A5D-4E9F-8B6C-3D2E1F4A7B9C} = {917153BF-6FB0-4C57-9B49-0341D89A1289}
		{A1B2C3D4-5E6F-7A8B-9C0D-1E2F3A4B5C6D} = {F7A8B23C-1A5D-4E9F-8B6C-3D2E1F4A7B9C}
		{B2C3D4E5-6F7A-8B9C-0D1E-2F3A4B5C6D7E} = {1A47F606-F1A0-417A-AAAD-E8B09643EB41}
	EndGlobalSection
EndGlobal
