
Microsoft Visual Studio Solution File, Format Version 12.00
# Visual Studio Version 17
VisualStudioVersion = 17.0.31903.59
MinimumVisualStudioVersion = 10.0.40219.1
Project("{2150E333-8FDC-42A3-9474-1A3956D46DE8}") = "src", "src", "{917153BF-6FB0-4C57-9B49-0341D89A1289}"
EndProject
Project("{2150E333-8FDC-42A3-9474-1A3956D46DE8}") = "MCPServer", "MCPServer", "{EEA6C0B3-D94B-47DF-A6DF-4850A5C79BE4}"
EndProject
Project("{FAE04EC0-301F-11D3-BF4B-00C04F79EFBC}") = "MCPServer", "src\MCPServer\MCPServer\MCPServer.csproj", "{C5FE1764-7D37-43E3-9305-D091735ACCD5}"
EndProject
Project("{2150E333-8FDC-42A3-9474-1A3956D46DE8}") = "MCPClient", "MCPClient", "{6862D2B6-237C-4A91-92DD-7F6393162107}"
EndProject
Project("{FAE04EC0-301F-11D3-BF4B-00C04F79EFBC}") = "MCPClient", "src\MCPClient\MCPClient\MCPClient.csproj", "{AF48E4A0-D37B-4EBC-97DE-FBECE56D8243}"
EndProject
Project("{2150E333-8FDC-42A3-9474-1A3956D46DE8}") = "Shared", "Shared", "{C97C4484-5462-44AF-8E8E-3709B23580DA}"
EndProject
Project("{FAE04EC0-301F-11D3-BF4B-00C04F79EFBC}") = "Shared", "src\Shared\Shared\Shared.csproj", "{3779194E-664C-4BAA-9B9F-7BD722A38C13}"
EndProject
Global
	GlobalSection(SolutionConfigurationPlatforms) = preSolution
		Debug|Any CPU = Debug|Any CPU
		Release|Any CPU = Release|Any CPU
	EndGlobalSection
	GlobalSection(SolutionProperties) = preSolution
		HideSolutionNode = FALSE
	EndGlobalSection
	GlobalSection(ProjectConfigurationPlatforms) = postSolution
		{C5FE1764-7D37-43E3-9305-D091735ACCD5}.Debug|Any CPU.ActiveCfg = Debug|Any CPU
		{C5FE1764-7D37-43E3-9305-D091735ACCD5}.Debug|Any CPU.Build.0 = Debug|Any CPU
		{C5FE1764-7D37-43E3-9305-D091735ACCD5}.Release|Any CPU.ActiveCfg = Release|Any CPU
		{C5FE1764-7D37-43E3-9305-D091735ACCD5}.Release|Any CPU.Build.0 = Release|Any CPU
		{AF48E4A0-D37B-4EBC-97DE-FBECE56D8243}.Debug|Any CPU.ActiveCfg = Debug|Any CPU
		{AF48E4A0-D37B-4EBC-97DE-FBECE56D8243}.Debug|Any CPU.Build.0 = Debug|Any CPU
		{AF48E4A0-D37B-4EBC-97DE-FBECE56D8243}.Release|Any CPU.ActiveCfg = Release|Any CPU
		{AF48E4A0-D37B-4EBC-97DE-FBECE56D8243}.Release|Any CPU.Build.0 = Release|Any CPU
		{3779194E-664C-4BAA-9B9F-7BD722A38C13}.Debug|Any CPU.ActiveCfg = Debug|Any CPU
		{3779194E-664C-4BAA-9B9F-7BD722A38C13}.Debug|Any CPU.Build.0 = Debug|Any CPU
		{3779194E-664C-4BAA-9B9F-7BD722A38C13}.Release|Any CPU.ActiveCfg = Release|Any CPU
		{3779194E-664C-4BAA-9B9F-7BD722A38C13}.Release|Any CPU.Build.0 = Release|Any CPU
	EndGlobalSection
	GlobalSection(NestedProjects) = preSolution
		{EEA6C0B3-D94B-47DF-A6DF-4850A5C79BE4} = {917153BF-6FB0-4C57-9B49-0341D89A1289}
		{C5FE1764-7D37-43E3-9305-D091735ACCD5} = {EEA6C0B3-D94B-47DF-A6DF-4850A5C79BE4}
		{6862D2B6-237C-4A91-92DD-7F6393162107} = {917153BF-6FB0-4C57-9B49-0341D89A1289}
		{AF48E4A0-D37B-4EBC-97DE-FBECE56D8243} = {6862D2B6-237C-4A91-92DD-7F6393162107}
		{C97C4484-5462-44AF-8E8E-3709B23580DA} = {917153BF-6FB0-4C57-9B49-0341D89A1289}
		{3779194E-664C-4BAA-9B9F-7BD722A38C13} = {C97C4484-5462-44AF-8E8E-3709B23580DA}
	EndGlobalSection
EndGlobal
